
Microsoft Visual Studio Solution File, Format Version 12.00
# Visual Studio Version 17
VisualStudioVersion = 17.0.31903.59
MinimumVisualStudioVersion = 10.0.40219.1
Project("{FAE04EC0-301F-11D3-BF4B-00C04F79EFBC}") = "MaxProcess.API", "MaxProcess.API\MaxProcess.API.csproj", "{8ABC2832-0723-48EB-8B21-FE6C82707990}"
EndProject
Project("{FAE04EC0-301F-11D3-BF4B-00C04F79EFBC}") = "MaxProcess.Application", "MaxProcess.Application\MaxProcess.Application.csproj", "{01D7A736-F24F-4EFA-9574-F0775775096A}"
EndProject
Project("{FAE04EC0-301F-11D3-BF4B-00C04F79EFBC}") = "MaxProcess.Domain", "MaxProcess.Domain\MaxProcess.Domain.csproj", "{8F75BCD4-876C-435D-9602-BCCD735A714B}"
EndProject
Project("{FAE04EC0-301F-11D3-BF4B-00C04F79EFBC}") = "MaxProcess.Persistence", "MaxProcess.Persistence\MaxProcess.Persistence.csproj", "{A1281B61-B3FE-4D8E-AF08-3C9AC334DBF5}"
EndProject
Project("{FAE04EC0-301F-11D3-BF4B-00C04F79EFBC}") = "MaxProcess.CrossCutting", "MaxProcess.CrossCutting\MaxProcess.CrossCutting.csproj", "{13164162-F005-4162-BDF8-059812BA491F}"
EndProject
Global
	GlobalSection(SolutionConfigurationPlatforms) = preSolution
		Debug|Any CPU = Debug|Any CPU
		Release|Any CPU = Release|Any CPU
	EndGlobalSection
	GlobalSection(ProjectConfigurationPlatforms) = postSolution
		{8ABC2832-0723-48EB-8B21-FE6C82707990}.Debug|Any CPU.ActiveCfg = Debug|Any CPU
		{8ABC2832-0723-48EB-8B21-FE6C82707990}.Debug|Any CPU.Build.0 = Debug|Any CPU
		{8ABC2832-0723-48EB-8B21-FE6C82707990}.Release|Any CPU.ActiveCfg = Release|Any CPU
		{8ABC2832-0723-48EB-8B21-FE6C82707990}.Release|Any CPU.Build.0 = Release|Any CPU
		{01D7A736-F24F-4EFA-9574-F0775775096A}.Debug|Any CPU.ActiveCfg = Debug|Any CPU
		{01D7A736-F24F-4EFA-9574-F0775775096A}.Debug|Any CPU.Build.0 = Debug|Any CPU
		{01D7A736-F24F-4EFA-9574-F0775775096A}.Release|Any CPU.ActiveCfg = Release|Any CPU
		{01D7A736-F24F-4EFA-9574-F0775775096A}.Release|Any CPU.Build.0 = Release|Any CPU
		{8F75BCD4-876C-435D-9602-BCCD735A714B}.Debug|Any CPU.ActiveCfg = Debug|Any CPU
		{8F75BCD4-876C-435D-9602-BCCD735A714B}.Debug|Any CPU.Build.0 = Debug|Any CPU
		{8F75BCD4-876C-435D-9602-BCCD735A714B}.Release|Any CPU.ActiveCfg = Release|Any CPU
		{8F75BCD4-876C-435D-9602-BCCD735A714B}.Release|Any CPU.Build.0 = Release|Any CPU
		{A1281B61-B3FE-4D8E-AF08-3C9AC334DBF5}.Debug|Any CPU.ActiveCfg = Debug|Any CPU
		{A1281B61-B3FE-4D8E-AF08-3C9AC334DBF5}.Debug|Any CPU.Build.0 = Debug|Any CPU
		{A1281B61-B3FE-4D8E-AF08-3C9AC334DBF5}.Release|Any CPU.ActiveCfg = Release|Any CPU
		{A1281B61-B3FE-4D8E-AF08-3C9AC334DBF5}.Release|Any CPU.Build.0 = Release|Any CPU
		{13164162-F005-4162-BDF8-059812BA491F}.Debug|Any CPU.ActiveCfg = Debug|Any CPU
		{13164162-F005-4162-BDF8-059812BA491F}.Debug|Any CPU.Build.0 = Debug|Any CPU
		{13164162-F005-4162-BDF8-059812BA491F}.Release|Any CPU.ActiveCfg = Release|Any CPU
		{13164162-F005-4162-BDF8-059812BA491F}.Release|Any CPU.Build.0 = Release|Any CPU
	EndGlobalSection
	GlobalSection(SolutionProperties) = preSolution
		HideSolutionNode = FALSE
	EndGlobalSection
EndGlobal
